{
  "name": "didm",
  "version": "1.0.0",
  "lockfileVersion": 1,
  "requires": true,
  "dependencies": {
    "@nodelib/fs.scandir": {
      "version": "2.1.1",
      "resolved": "http://artifactory-pr-build.lb.cumuli.be:8081/artifactory/api/npm/acd-npm/@nodelib/fs.scandir/-/fs.scandir-2.1.1.tgz",
      "integrity": "sha1-f6j+1lSTnho5dT0oa0i0g20A4Os=",
      "requires": {
        "@nodelib/fs.stat": "2.0.1",
        "run-parallel": "^1.1.9"
      }
    },
    "@nodelib/fs.stat": {
      "version": "2.0.1",
      "resolved": "http://artifactory-pr-build.lb.cumuli.be:8081/artifactory/api/npm/acd-npm/@nodelib/fs.stat/-/fs.stat-2.0.1.tgz",
      "integrity": "sha1-gU9xsRZzkM/Lams9nN6wlRoZLBQ="
    },
    "@nodelib/fs.walk": {
      "version": "1.2.2",
      "resolved": "http://artifactory-pr-build.lb.cumuli.be:8081/artifactory/api/npm/acd-npm/@nodelib/fs.walk/-/fs.walk-1.2.2.tgz",
      "integrity": "sha1-amRQxeFwEqvYFFDrdJSaTZcNKAc=",
      "requires": {
        "@nodelib/fs.scandir": "2.1.1",
        "fastq": "^1.6.0"
      }
    },
    "@octokit/endpoint": {
      "version": "5.3.2",
      "resolved": "http://artifactory-pr-build.lb.cumuli.be:8081/artifactory/api/npm/acd-npm/@octokit/endpoint/-/endpoint-5.3.2.tgz",
      "integrity": "sha1-Le2i2GnKybp/NwKH1VZnviqAjUs=",
      "dev": true,
      "requires": {
        "deepmerge": "4.0.0",
        "is-plain-object": "^3.0.0",
        "universal-user-agent": "^3.0.0",
        "url-template": "^2.0.8"
      }
    },
    "@octokit/request": {
      "version": "5.0.2",
      "resolved": "http://artifactory-pr-build.lb.cumuli.be:8081/artifactory/api/npm/acd-npm/@octokit/request/-/request-5.0.2.tgz",
      "integrity": "sha1-WakgRR8kgRwBbdxQetzEGq+y3KU=",
      "dev": true,
      "requires": {
        "@octokit/endpoint": "^5.1.0",
        "@octokit/request-error": "^1.0.1",
        "deprecation": "^2.0.0",
        "is-plain-object": "^3.0.0",
        "node-fetch": "^2.3.0",
        "once": "^1.4.0",
        "universal-user-agent": "^3.0.0"
      }
    },
    "@octokit/request-error": {
      "version": "1.0.4",
      "resolved": "http://artifactory-pr-build.lb.cumuli.be:8081/artifactory/api/npm/acd-npm/@octokit/request-error/-/request-error-1.0.4.tgz",
      "integrity": "sha1-FeHcIhI7pKmkORkU2A7B5TA6I74=",
      "dev": true,
      "requires": {
        "deprecation": "^2.0.0",
        "once": "^1.4.0"
      }
    },
    "@octokit/rest": {
      "version": "16.28.7",
      "resolved": "http://artifactory-pr-build.lb.cumuli.be:8081/artifactory/api/npm/acd-npm/@octokit/rest/-/rest-16.28.7.tgz",
      "integrity": "sha1-osLbWzGNqEFEvrqC0Zwanb2xofo=",
      "dev": true,
      "requires": {
        "@octokit/request": "^5.0.0",
        "@octokit/request-error": "^1.0.2",
        "atob-lite": "^2.0.0",
        "before-after-hook": "^2.0.0",
        "btoa-lite": "^1.0.0",
        "deprecation": "^2.0.0",
        "lodash.get": "^4.4.2",
        "lodash.set": "^4.3.2",
        "lodash.uniq": "^4.5.0",
        "octokit-pagination-methods": "^1.1.0",
        "once": "^1.4.0",
        "universal-user-agent": "^3.0.0",
        "url-template": "^2.0.8"
      }
    },
    "ansi-regex": {
      "version": "4.1.0",
      "resolved": "http://artifactory-pr-build.lb.cumuli.be:8081/artifactory/api/npm/acd-npm/ansi-regex/-/ansi-regex-4.1.0.tgz",
      "integrity": "sha1-i5+PCM8ay4Q3Vqg5yox+MWjFGZc="
    },
    "ansi-styles": {
      "version": "3.2.1",
      "resolved": "http://artifactory-pr-build.lb.cumuli.be:8081/artifactory/api/npm/acd-npm/ansi-styles/-/ansi-styles-3.2.1.tgz",
      "integrity": "sha1-QfuyAkPlCxK+DwS43tvwdSDOhB0=",
      "requires": {
        "color-convert": "^1.9.0"
      }
    },
    "atob-lite": {
      "version": "2.0.0",
      "resolved": "http://artifactory-pr-build.lb.cumuli.be:8081/artifactory/api/npm/acd-npm/atob-lite/-/atob-lite-2.0.0.tgz",
      "integrity": "sha1-D+9a1G8b16hQLGVyfwNn1e5D1pY=",
      "dev": true
    },
    "balanced-match": {
      "version": "1.0.0",
      "resolved": "http://artifactory-pr-build.lb.cumuli.be:8081/artifactory/api/npm/acd-npm/balanced-match/-/balanced-match-1.0.0.tgz",
      "integrity": "sha1-ibTRmasr7kneFk6gK4nORi1xt2c="
    },
    "before-after-hook": {
      "version": "2.1.0",
      "resolved": "http://artifactory-pr-build.lb.cumuli.be:8081/artifactory/api/npm/acd-npm/before-after-hook/-/before-after-hook-2.1.0.tgz",
      "integrity": "sha1-tsA0h/ROJCAN0wyl5qGXnF0vtjU=",
      "dev": true
    },
    "brace-expansion": {
      "version": "1.1.11",
      "resolved": "http://artifactory-pr-build.lb.cumuli.be:8081/artifactory/api/npm/acd-npm/brace-expansion/-/brace-expansion-1.1.11.tgz",
      "integrity": "sha1-PH/L9SnYcibz0vUrlm/1Jx60Qd0=",
      "requires": {
        "balanced-match": "^1.0.0",
        "concat-map": "0.0.1"
      }
    },
    "braces": {
      "version": "3.0.2",
      "resolved": "http://artifactory-pr-build.lb.cumuli.be:8081/artifactory/api/npm/acd-npm/braces/-/braces-3.0.2.tgz",
      "integrity": "sha1-NFThpGLujVmeI23zNs2epPiv4Qc=",
      "requires": {
        "fill-range": "^7.0.1"
      }
    },
    "btoa-lite": {
      "version": "1.0.0",
      "resolved": "http://artifactory-pr-build.lb.cumuli.be:8081/artifactory/api/npm/acd-npm/btoa-lite/-/btoa-lite-1.0.0.tgz",
      "integrity": "sha1-M3dm2hWAEhD92VbCLpxokaudAzc=",
      "dev": true
    },
    "camelcase": {
      "version": "5.3.1",
      "resolved": "http://artifactory-pr-build.lb.cumuli.be:8081/artifactory/api/npm/acd-npm/camelcase/-/camelcase-5.3.1.tgz",
      "integrity": "sha1-48mzFWnhBoEd8kL3FXJaH0xJQyA="
    },
    "chalk": {
      "version": "2.4.2",
      "resolved": "http://artifactory-pr-build.lb.cumuli.be:8081/artifactory/api/npm/acd-npm/chalk/-/chalk-2.4.2.tgz",
      "integrity": "sha1-zUJUFnelQzPPVBpJEIwUMrRMlCQ=",
      "requires": {
        "ansi-styles": "^3.2.1",
        "escape-string-regexp": "^1.0.5",
        "supports-color": "^5.3.0"
      }
    },
    "cliui": {
      "version": "5.0.0",
      "resolved": "http://artifactory-pr-build.lb.cumuli.be:8081/artifactory/api/npm/acd-npm/cliui/-/cliui-5.0.0.tgz",
      "integrity": "sha1-3u/P2y6AB4SqNPRvoI4GhRx7u8U=",
      "requires": {
        "string-width": "^3.1.0",
        "strip-ansi": "^5.2.0",
        "wrap-ansi": "^5.1.0"
      }
    },
    "color-convert": {
      "version": "1.9.3",
      "resolved": "http://artifactory-pr-build.lb.cumuli.be:8081/artifactory/api/npm/acd-npm/color-convert/-/color-convert-1.9.3.tgz",
      "integrity": "sha1-u3GFBpDh8TZWfeYp0tVHHe2kweg=",
      "requires": {
        "color-name": "1.1.3"
      }
    },
    "color-name": {
      "version": "1.1.3",
      "resolved": "http://artifactory-pr-build.lb.cumuli.be:8081/artifactory/api/npm/acd-npm/color-name/-/color-name-1.1.3.tgz",
      "integrity": "sha1-p9BVi9icQveV3UIyj3QIMcpTvCU="
    },
    "concat-map": {
      "version": "0.0.1",
      "resolved": "http://artifactory-pr-build.lb.cumuli.be:8081/artifactory/api/npm/acd-npm/concat-map/-/concat-map-0.0.1.tgz",
      "integrity": "sha1-2Klr13/Wjfd5OnMDajug1UBdR3s="
    },
    "cross-spawn": {
      "version": "6.0.5",
      "resolved": "http://artifactory-pr-build.lb.cumuli.be:8081/artifactory/api/npm/acd-npm/cross-spawn/-/cross-spawn-6.0.5.tgz",
      "integrity": "sha1-Sl7Hxk364iw6FBJNus3uhG2Ay8Q=",
      "requires": {
        "nice-try": "^1.0.4",
        "path-key": "^2.0.1",
        "semver": "^5.5.0",
        "shebang-command": "^1.2.0",
        "which": "^1.2.9"
      }
    },
    "decamelize": {
      "version": "1.2.0",
      "resolved": "http://artifactory-pr-build.lb.cumuli.be:8081/artifactory/api/npm/acd-npm/decamelize/-/decamelize-1.2.0.tgz",
      "integrity": "sha1-9lNNFRSCabIDUue+4m9QH5oZEpA="
    },
    "deepmerge": {
      "version": "4.0.0",
      "resolved": "http://artifactory-pr-build.lb.cumuli.be:8081/artifactory/api/npm/acd-npm/deepmerge/-/deepmerge-4.0.0.tgz",
      "integrity": "sha1-PjEQyikgXxINfLBklgo5w9IIfAk=",
      "dev": true
    },
    "deprecation": {
      "version": "2.3.1",
      "resolved": "http://artifactory-pr-build.lb.cumuli.be:8081/artifactory/api/npm/acd-npm/deprecation/-/deprecation-2.3.1.tgz",
      "integrity": "sha1-Y2jL20Cr8zc7UlrIfkomDDpwCRk=",
      "dev": true
    },
    "emoji-regex": {
      "version": "7.0.3",
      "resolved": "http://artifactory-pr-build.lb.cumuli.be:8081/artifactory/api/npm/acd-npm/emoji-regex/-/emoji-regex-7.0.3.tgz",
      "integrity": "sha1-kzoEBShgyF6DwSJHnEdIqOTHIVY="
    },
    "end-of-stream": {
      "version": "1.4.1",
      "resolved": "http://artifactory-pr-build.lb.cumuli.be:8081/artifactory/api/npm/acd-npm/end-of-stream/-/end-of-stream-1.4.1.tgz",
      "integrity": "sha1-7SljTRm6ukY7bOa4CjchPqtx7EM=",
      "requires": {
        "once": "^1.4.0"
      }
    },
    "escape-string-regexp": {
      "version": "1.0.5",
      "resolved": "http://artifactory-pr-build.lb.cumuli.be:8081/artifactory/api/npm/acd-npm/escape-string-regexp/-/escape-string-regexp-1.0.5.tgz",
      "integrity": "sha1-G2HAViGQqN/2rjuyzwIAyhMLhtQ="
    },
    "exec-sh": {
      "version": "0.3.2",
      "resolved": "http://artifactory-pr-build.lb.cumuli.be:8081/artifactory/api/npm/acd-npm/exec-sh/-/exec-sh-0.3.2.tgz",
      "integrity": "sha1-ZzjeLrfI5nHQNmrqCw24xvfXORs="
    },
    "execa": {
      "version": "2.0.4",
      "resolved": "http://artifactory-pr-build.lb.cumuli.be:8081/artifactory/api/npm/acd-npm/execa/-/execa-2.0.4.tgz",
      "integrity": "sha1-L1zFicgdsxZihicATqTje5M5HY4=",
      "requires": {
        "cross-spawn": "^6.0.5",
        "get-stream": "^5.0.0",
        "is-stream": "^2.0.0",
        "merge-stream": "^2.0.0",
        "npm-run-path": "^3.0.0",
        "onetime": "^5.1.0",
        "p-finally": "^2.0.0",
        "signal-exit": "^3.0.2",
        "strip-final-newline": "^2.0.0"
      }
    },
    "fast-glob": {
      "version": "3.0.4",
      "resolved": "http://artifactory-pr-build.lb.cumuli.be:8081/artifactory/api/npm/acd-npm/fast-glob/-/fast-glob-3.0.4.tgz",
      "integrity": "sha1-1ISkEAXLb66zmblR/RvXDdrrtgI=",
      "requires": {
        "@nodelib/fs.stat": "^2.0.1",
        "@nodelib/fs.walk": "^1.2.1",
        "glob-parent": "^5.0.0",
        "is-glob": "^4.0.1",
        "merge2": "^1.2.3",
        "micromatch": "^4.0.2"
      }
    },
    "fastq": {
      "version": "1.6.0",
      "resolved": "http://artifactory-pr-build.lb.cumuli.be:8081/artifactory/api/npm/acd-npm/fastq/-/fastq-1.6.0.tgz",
      "integrity": "sha1-Tsijj0rCXyFJJnOtt+rpz+9H0cI=",
      "requires": {
        "reusify": "^1.0.0"
      }
    },
    "fill-range": {
      "version": "7.0.1",
      "resolved": "http://artifactory-pr-build.lb.cumuli.be:8081/artifactory/api/npm/acd-npm/fill-range/-/fill-range-7.0.1.tgz",
      "integrity": "sha1-GRmmp8df44ssfHflGYU12prN2kA=",
      "requires": {
        "to-regex-range": "^5.0.1"
      }
    },
    "find-up": {
      "version": "3.0.0",
      "resolved": "http://artifactory-pr-build.lb.cumuli.be:8081/artifactory/api/npm/acd-npm/find-up/-/find-up-3.0.0.tgz",
      "integrity": "sha1-SRafHXmTQwZG2mHsxa41XCHJe3M=",
      "requires": {
        "locate-path": "^3.0.0"
      }
    },
    "fs.realpath": {
      "version": "1.0.0",
      "resolved": "http://artifactory-pr-build.lb.cumuli.be:8081/artifactory/api/npm/acd-npm/fs.realpath/-/fs.realpath-1.0.0.tgz",
      "integrity": "sha1-FQStJSMVjKpA20onh8sBQRmU6k8="
    },
    "get-caller-file": {
      "version": "2.0.5",
      "resolved": "http://artifactory-pr-build.lb.cumuli.be:8081/artifactory/api/npm/acd-npm/get-caller-file/-/get-caller-file-2.0.5.tgz",
      "integrity": "sha1-T5RBKoLbMvNuOwuXQfipf+sDH34="
    },
    "get-stream": {
      "version": "5.1.0",
      "resolved": "http://artifactory-pr-build.lb.cumuli.be:8081/artifactory/api/npm/acd-npm/get-stream/-/get-stream-5.1.0.tgz",
      "integrity": "sha1-ASA83JJZf5uQkGfD5lbMH008Tck=",
      "requires": {
        "pump": "^3.0.0"
      }
    },
    "glob": {
      "version": "7.1.4",
      "resolved": "http://artifactory-pr-build.lb.cumuli.be:8081/artifactory/api/npm/acd-npm/glob/-/glob-7.1.4.tgz",
      "integrity": "sha1-qmCKL2xXetNX4a5aXCbZqNGWklU=",
      "requires": {
        "fs.realpath": "^1.0.0",
        "inflight": "^1.0.4",
        "inherits": "2",
        "minimatch": "^3.0.4",
        "once": "^1.3.0",
        "path-is-absolute": "^1.0.0"
      }
    },
    "glob-parent": {
      "version": "5.0.0",
      "resolved": "http://artifactory-pr-build.lb.cumuli.be:8081/artifactory/api/npm/acd-npm/glob-parent/-/glob-parent-5.0.0.tgz",
      "integrity": "sha1-HcmfDzmwBtPpLCwoQGg4Lwwg6VQ=",
      "requires": {
        "is-glob": "^4.0.1"
      }
    },
    "has-flag": {
      "version": "3.0.0",
      "resolved": "http://artifactory-pr-build.lb.cumuli.be:8081/artifactory/api/npm/acd-npm/has-flag/-/has-flag-3.0.0.tgz",
      "integrity": "sha1-tdRU3CGZriJWmfNGfloH87lVuv0="
    },
    "inflight": {
      "version": "1.0.6",
      "resolved": "http://artifactory-pr-build.lb.cumuli.be:8081/artifactory/api/npm/acd-npm/inflight/-/inflight-1.0.6.tgz",
      "integrity": "sha1-Sb1jMdfQLQwJvJEKEHW6gWW1bfk=",
      "requires": {
        "once": "^1.3.0",
        "wrappy": "1"
      }
    },
    "inherits": {
      "version": "2.0.4",
      "resolved": "http://artifactory-pr-build.lb.cumuli.be:8081/artifactory/api/npm/acd-npm/inherits/-/inherits-2.0.4.tgz",
      "integrity": "sha1-D6LGT5MpF8NDOg3tVTY6rjdBa3w="
    },
    "is-extglob": {
      "version": "2.1.1",
      "resolved": "http://artifactory-pr-build.lb.cumuli.be:8081/artifactory/api/npm/acd-npm/is-extglob/-/is-extglob-2.1.1.tgz",
      "integrity": "sha1-qIwCU1eR8C7TfHahueqXc8gz+MI="
    },
    "is-fullwidth-code-point": {
      "version": "2.0.0",
      "resolved": "http://artifactory-pr-build.lb.cumuli.be:8081/artifactory/api/npm/acd-npm/is-fullwidth-code-point/-/is-fullwidth-code-point-2.0.0.tgz",
      "integrity": "sha1-o7MKXE8ZkYMWeqq5O+764937ZU8="
    },
    "is-glob": {
      "version": "4.0.1",
      "resolved": "http://artifactory-pr-build.lb.cumuli.be:8081/artifactory/api/npm/acd-npm/is-glob/-/is-glob-4.0.1.tgz",
      "integrity": "sha1-dWfb6fL14kZ7x3q4PEopSCQHpdw=",
      "requires": {
        "is-extglob": "^2.1.1"
      }
    },
    "is-number": {
      "version": "7.0.0",
      "resolved": "http://artifactory-pr-build.lb.cumuli.be:8081/artifactory/api/npm/acd-npm/is-number/-/is-number-7.0.0.tgz",
      "integrity": "sha1-dTU0W4lnNNX4DE0GxQlVUnoU8Ss="
    },
    "is-plain-object": {
      "version": "3.0.0",
      "resolved": "http://artifactory-pr-build.lb.cumuli.be:8081/artifactory/api/npm/acd-npm/is-plain-object/-/is-plain-object-3.0.0.tgz",
      "integrity": "sha1-R7/F2htdUNZBEIBsGZNZSC51qSg=",
      "dev": true,
      "requires": {
        "isobject": "^4.0.0"
      }
    },
    "is-stream": {
      "version": "2.0.0",
      "resolved": "http://artifactory-pr-build.lb.cumuli.be:8081/artifactory/api/npm/acd-npm/is-stream/-/is-stream-2.0.0.tgz",
      "integrity": "sha1-venDJoDW+uBBKdasnZIc54FfeOM="
    },
    "isexe": {
      "version": "2.0.0",
      "resolved": "http://artifactory-pr-build.lb.cumuli.be:8081/artifactory/api/npm/acd-npm/isexe/-/isexe-2.0.0.tgz",
      "integrity": "sha1-6PvzdNxVb/iUehDcsFctYz8s+hA="
    },
    "isobject": {
      "version": "4.0.0",
      "resolved": "http://artifactory-pr-build.lb.cumuli.be:8081/artifactory/api/npm/acd-npm/isobject/-/isobject-4.0.0.tgz",
      "integrity": "sha1-PxyRVec7GSAiqAgZus0DQ3EWl7A=",
      "dev": true
    },
    "locate-path": {
      "version": "3.0.0",
      "resolved": "http://artifactory-pr-build.lb.cumuli.be:8081/artifactory/api/npm/acd-npm/locate-path/-/locate-path-3.0.0.tgz",
      "integrity": "sha1-2+w7OrdZdYBxtY/ln8QYca8hQA4=",
      "requires": {
        "p-locate": "^3.0.0",
        "path-exists": "^3.0.0"
      }
    },
    "lodash.get": {
      "version": "4.4.2",
      "resolved": "http://artifactory-pr-build.lb.cumuli.be:8081/artifactory/api/npm/acd-npm/lodash.get/-/lodash.get-4.4.2.tgz",
      "integrity": "sha1-LRd/ZS+jHpObRDjVNBSZ36OCXpk=",
      "dev": true
    },
    "lodash.set": {
      "version": "4.3.2",
      "resolved": "http://artifactory-pr-build.lb.cumuli.be:8081/artifactory/api/npm/acd-npm/lodash.set/-/lodash.set-4.3.2.tgz",
      "integrity": "sha1-2HV7HagH3eJIFrDWqEvqGnYjCyM=",
      "dev": true
    },
    "lodash.uniq": {
      "version": "4.5.0",
      "resolved": "http://artifactory-pr-build.lb.cumuli.be:8081/artifactory/api/npm/acd-npm/lodash.uniq/-/lodash.uniq-4.5.0.tgz",
      "integrity": "sha1-0CJTc662Uq3BvILklFM5qEJ1R3M=",
      "dev": true
    },
    "macos-release": {
      "version": "2.3.0",
      "resolved": "http://artifactory-pr-build.lb.cumuli.be:8081/artifactory/api/npm/acd-npm/macos-release/-/macos-release-2.3.0.tgz",
      "integrity": "sha1-6xkwsDbAgArevM1fF7xMEt6Ltx8=",
      "dev": true
    },
    "merge-stream": {
      "version": "2.0.0",
      "resolved": "http://artifactory-pr-build.lb.cumuli.be:8081/artifactory/api/npm/acd-npm/merge-stream/-/merge-stream-2.0.0.tgz",
      "integrity": "sha1-UoI2KaFN0AyXcPtq1H3GMQ8sH2A="
    },
    "merge2": {
      "version": "1.2.4",
      "resolved": "http://artifactory-pr-build.lb.cumuli.be:8081/artifactory/api/npm/acd-npm/merge2/-/merge2-1.2.4.tgz",
      "integrity": "sha1-ySaVieaIWmDPgGBdlSLUtnymRuM="
    },
    "micromatch": {
      "version": "4.0.2",
      "resolved": "http://artifactory-pr-build.lb.cumuli.be:8081/artifactory/api/npm/acd-npm/micromatch/-/micromatch-4.0.2.tgz",
      "integrity": "sha1-T8sJmb+fvC/L3SEvbWKbmlbDklk=",
      "requires": {
        "braces": "^3.0.1",
        "picomatch": "^2.0.5"
      }
    },
    "mimic-fn": {
      "version": "2.1.0",
      "resolved": "http://artifactory-pr-build.lb.cumuli.be:8081/artifactory/api/npm/acd-npm/mimic-fn/-/mimic-fn-2.1.0.tgz",
      "integrity": "sha1-ftLCzMyvhNP/y3pptXcR/CCDQBs="
    },
    "minimatch": {
      "version": "3.0.4",
      "resolved": "http://artifactory-pr-build.lb.cumuli.be:8081/artifactory/api/npm/acd-npm/minimatch/-/minimatch-3.0.4.tgz",
      "integrity": "sha1-UWbihkV/AzBgZL5Ul+jbsMPTIIM=",
      "requires": {
        "brace-expansion": "^1.1.7"
      }
    },
    "ms": {
      "version": "2.1.2",
      "resolved": "http://artifactory-pr-build.lb.cumuli.be:8081/artifactory/api/npm/acd-npm/ms/-/ms-2.1.2.tgz",
      "integrity": "sha1-0J0fNXtEP0kzgqjrPM0YOHKuYAk=",
      "dev": true
    },
    "nice-try": {
      "version": "1.0.5",
      "resolved": "http://artifactory-pr-build.lb.cumuli.be:8081/artifactory/api/npm/acd-npm/nice-try/-/nice-try-1.0.5.tgz",
      "integrity": "sha1-ozeKdpbOfSI+iPybdkvX7xCJ42Y="
    },
    "node-fetch": {
      "version": "2.6.0",
      "resolved": "http://artifactory-pr-build.lb.cumuli.be:8081/artifactory/api/npm/acd-npm/node-fetch/-/node-fetch-2.6.0.tgz",
      "integrity": "sha1-5jNFY4bUqlWGP2dqerDaqP3ssP0=",
      "dev": true
    },
    "npm-run-path": {
      "version": "3.1.0",
      "resolved": "http://artifactory-pr-build.lb.cumuli.be:8081/artifactory/api/npm/acd-npm/npm-run-path/-/npm-run-path-3.1.0.tgz",
      "integrity": "sha1-f5G+MX9qRm7+08nymArYpO6LD6U=",
      "requires": {
        "path-key": "^3.0.0"
      },
      "dependencies": {
        "path-key": {
          "version": "3.1.0",
          "resolved": "http://artifactory-pr-build.lb.cumuli.be:8081/artifactory/api/npm/acd-npm/path-key/-/path-key-3.1.0.tgz",
          "integrity": "sha1-maENhwqAO91e5vBHDljfzS+aVNM="
        }
      }
    },
    "octokit-pagination-methods": {
      "version": "1.1.0",
      "resolved": "http://artifactory-pr-build.lb.cumuli.be:8081/artifactory/api/npm/acd-npm/octokit-pagination-methods/-/octokit-pagination-methods-1.1.0.tgz",
      "integrity": "sha1-z0cu3J1VEFX573P25CtNu0yAvqQ=",
      "dev": true
    },
    "once": {
      "version": "1.4.0",
      "resolved": "http://artifactory-pr-build.lb.cumuli.be:8081/artifactory/api/npm/acd-npm/once/-/once-1.4.0.tgz",
      "integrity": "sha1-WDsap3WWHUsROsF9nFC6753Xa9E=",
      "requires": {
        "wrappy": "1"
      }
    },
    "onetime": {
      "version": "5.1.0",
      "resolved": "http://artifactory-pr-build.lb.cumuli.be:8081/artifactory/api/npm/acd-npm/onetime/-/onetime-5.1.0.tgz",
      "integrity": "sha1-//DzyRYX/mK7UBiWNumayKbfe+U=",
      "requires": {
        "mimic-fn": "^2.1.0"
      }
    },
    "os-name": {
      "version": "3.1.0",
      "resolved": "http://artifactory-pr-build.lb.cumuli.be:8081/artifactory/api/npm/acd-npm/os-name/-/os-name-3.1.0.tgz",
      "integrity": "sha1-3sGdlmKW4c1i1wGlpm7h3ernCAE=",
      "dev": true,
      "requires": {
        "macos-release": "^2.2.0",
        "windows-release": "^3.1.0"
      }
    },
    "p-finally": {
      "version": "2.0.1",
      "resolved": "http://artifactory-pr-build.lb.cumuli.be:8081/artifactory/api/npm/acd-npm/p-finally/-/p-finally-2.0.1.tgz",
      "integrity": "sha1-vW/KqcVZoJa2gIBvTWV7Pw8kBWE="
    },
    "p-limit": {
      "version": "2.2.1",
      "resolved": "http://artifactory-pr-build.lb.cumuli.be:8081/artifactory/api/npm/acd-npm/p-limit/-/p-limit-2.2.1.tgz",
      "integrity": "sha1-qgeniMwxUck5tRMfY1cPDdIAlTc=",
      "requires": {
        "p-try": "^2.0.0"
      }
    },
    "p-locate": {
      "version": "3.0.0",
      "resolved": "http://artifactory-pr-build.lb.cumuli.be:8081/artifactory/api/npm/acd-npm/p-locate/-/p-locate-3.0.0.tgz",
      "integrity": "sha1-Mi1poFwCZLJZl9n0DNiokasAZKQ=",
      "requires": {
        "p-limit": "^2.0.0"
      }
    },
    "p-try": {
      "version": "2.2.0",
      "resolved": "http://artifactory-pr-build.lb.cumuli.be:8081/artifactory/api/npm/acd-npm/p-try/-/p-try-2.2.0.tgz",
      "integrity": "sha1-yyhoVA4xPWHeWPr741zpAE1VQOY="
    },
    "path-exists": {
      "version": "3.0.0",
      "resolved": "http://artifactory-pr-build.lb.cumuli.be:8081/artifactory/api/npm/acd-npm/path-exists/-/path-exists-3.0.0.tgz",
      "integrity": "sha1-zg6+ql94yxiSXqfYENe1mwEP1RU="
    },
    "path-is-absolute": {
      "version": "1.0.1",
      "resolved": "http://artifactory-pr-build.lb.cumuli.be:8081/artifactory/api/npm/acd-npm/path-is-absolute/-/path-is-absolute-1.0.1.tgz",
      "integrity": "sha1-F0uSaHNVNP+8es5r9TpanhtcX18="
    },
    "path-key": {
      "version": "2.0.1",
      "resolved": "http://artifactory-pr-build.lb.cumuli.be:8081/artifactory/api/npm/acd-npm/path-key/-/path-key-2.0.1.tgz",
      "integrity": "sha1-QRyttXTFoUDTpLGRDUDYDMn0C0A="
    },
    "picomatch": {
      "version": "2.0.7",
      "resolved": "http://artifactory-pr-build.lb.cumuli.be:8081/artifactory/api/npm/acd-npm/picomatch/-/picomatch-2.0.7.tgz",
      "integrity": "sha1-UUFp2MfNC9vuzIomCeNKcWPeafY="
    },
    "pump": {
      "version": "3.0.0",
      "resolved": "http://artifactory-pr-build.lb.cumuli.be:8081/artifactory/api/npm/acd-npm/pump/-/pump-3.0.0.tgz",
      "integrity": "sha1-tKIRaBW94vTh6mAjVOjHVWUQemQ=",
      "requires": {
        "end-of-stream": "^1.1.0",
        "once": "^1.3.1"
      }
    },
    "replace-in-file": {
      "version": "4.1.3",
      "resolved": "http://artifactory-pr-build.lb.cumuli.be:8081/artifactory/api/npm/acd-npm/replace-in-file/-/replace-in-file-4.1.3.tgz",
      "integrity": "sha1-BpIzIwTCtTXiMj//s5od/lmoqsY=",
      "requires": {
        "chalk": "^2.4.2",
        "glob": "^7.1.4",
        "yargs": "^13.3.0"
      }
    },
    "require-directory": {
      "version": "2.1.1",
      "resolved": "http://artifactory-pr-build.lb.cumuli.be:8081/artifactory/api/npm/acd-npm/require-directory/-/require-directory-2.1.1.tgz",
      "integrity": "sha1-jGStX9MNqxyXbiNE/+f3kqam30I="
    },
    "require-main-filename": {
      "version": "2.0.0",
      "resolved": "http://artifactory-pr-build.lb.cumuli.be:8081/artifactory/api/npm/acd-npm/require-main-filename/-/require-main-filename-2.0.0.tgz",
      "integrity": "sha1-0LMp7MfMD2Fkn2IhW+aa9UqomJs="
    },
    "reusify": {
      "version": "1.0.4",
      "resolved": "http://artifactory-pr-build.lb.cumuli.be:8081/artifactory/api/npm/acd-npm/reusify/-/reusify-1.0.4.tgz",
      "integrity": "sha1-kNo4Kx4SbvwCFG6QhFqI2xKSXXY="
    },
    "run-parallel": {
      "version": "1.1.9",
      "resolved": "http://artifactory-pr-build.lb.cumuli.be:8081/artifactory/api/npm/acd-npm/run-parallel/-/run-parallel-1.1.9.tgz",
      "integrity": "sha1-yd06fPn0ssS2JE4XOm7YZuYd1nk="
    },
    "semver": {
      "version": "5.7.1",
      "resolved": "http://artifactory-pr-build.lb.cumuli.be:8081/artifactory/api/npm/acd-npm/semver/-/semver-5.7.1.tgz",
      "integrity": "sha1-qVT5Ma66UI0we78Gnv8MAclhFvc="
    },
    "set-blocking": {
      "version": "2.0.0",
      "resolved": "http://artifactory-pr-build.lb.cumuli.be:8081/artifactory/api/npm/acd-npm/set-blocking/-/set-blocking-2.0.0.tgz",
      "integrity": "sha1-BF+XgtARrppoA93TgrJDkrPYkPc="
    },
    "shebang-command": {
      "version": "1.2.0",
      "resolved": "http://artifactory-pr-build.lb.cumuli.be:8081/artifactory/api/npm/acd-npm/shebang-command/-/shebang-command-1.2.0.tgz",
      "integrity": "sha1-RKrGW2lbAzmJaMOfNj/uXer98eo=",
      "requires": {
        "shebang-regex": "^1.0.0"
      }
    },
    "shebang-regex": {
      "version": "1.0.0",
      "resolved": "http://artifactory-pr-build.lb.cumuli.be:8081/artifactory/api/npm/acd-npm/shebang-regex/-/shebang-regex-1.0.0.tgz",
      "integrity": "sha1-2kL0l0DAtC2yypcoVxyxkMmO/qM="
    },
    "signal-exit": {
      "version": "3.0.2",
      "resolved": "http://artifactory-pr-build.lb.cumuli.be:8081/artifactory/api/npm/acd-npm/signal-exit/-/signal-exit-3.0.2.tgz",
      "integrity": "sha1-tf3AjxKH6hF4Yo5BXiUTK3NkbG0="
    },
    "simple-git": {
      "version": "1.126.0",
      "resolved": "http://artifactory-pr-build.lb.cumuli.be:8081/artifactory/api/npm/acd-npm/simple-git/-/simple-git-1.126.0.tgz",
      "integrity": "sha1-DDRTcidROchDO4J39LPhVQkqpDQ=",
      "dev": true,
      "requires": {
        "debug": "^4.0.1"
      },
      "dependencies": {
        "debug": {
          "version": "4.1.1",
          "resolved": "http://artifactory-pr-build.lb.cumuli.be:8081/artifactory/api/npm/acd-npm/debug/-/debug-4.1.1.tgz",
          "integrity": "sha1-O3ImAlUQnGtYnO4FDx1RYTlmR5E=",
          "dev": true,
          "requires": {
            "ms": "^2.1.1"
          }
        }
      }
    },
    "string-width": {
      "version": "3.1.0",
      "resolved": "http://artifactory-pr-build.lb.cumuli.be:8081/artifactory/api/npm/acd-npm/string-width/-/string-width-3.1.0.tgz",
      "integrity": "sha1-InZ74htirxCBV0MG9prFG2IgOWE=",
      "requires": {
        "emoji-regex": "^7.0.1",
        "is-fullwidth-code-point": "^2.0.0",
        "strip-ansi": "^5.1.0"
      }
    },
    "strip-ansi": {
      "version": "5.2.0",
      "resolved": "http://artifactory-pr-build.lb.cumuli.be:8081/artifactory/api/npm/acd-npm/strip-ansi/-/strip-ansi-5.2.0.tgz",
      "integrity": "sha1-jJpTb+tq/JYr36WxBKUJHBrZwK4=",
      "requires": {
        "ansi-regex": "^4.1.0"
      }
    },
    "strip-eof": {
      "version": "1.0.0",
      "resolved": "http://artifactory-pr-build.lb.cumuli.be:8081/artifactory/api/npm/acd-npm/strip-eof/-/strip-eof-1.0.0.tgz",
      "integrity": "sha1-u0P/VZim6wXYm1n80SnJgzE2Br8=",
      "dev": true
    },
    "strip-final-newline": {
      "version": "2.0.0",
      "resolved": "http://artifactory-pr-build.lb.cumuli.be:8081/artifactory/api/npm/acd-npm/strip-final-newline/-/strip-final-newline-2.0.0.tgz",
      "integrity": "sha1-ibhS+y/L6Tb29LMYevsKEsGrWK0="
    },
    "supports-color": {
      "version": "5.5.0",
      "resolved": "http://artifactory-pr-build.lb.cumuli.be:8081/artifactory/api/npm/acd-npm/supports-color/-/supports-color-5.5.0.tgz",
      "integrity": "sha1-4uaaRKyHcveKHsCzW2id9lMO/I8=",
      "requires": {
        "has-flag": "^3.0.0"
      }
    },
    "to-regex-range": {
      "version": "5.0.1",
      "resolved": "http://artifactory-pr-build.lb.cumuli.be:8081/artifactory/api/npm/acd-npm/to-regex-range/-/to-regex-range-5.0.1.tgz",
      "integrity": "sha1-FkjESq58jZiKMmAY7XL1tN0DkuQ=",
      "requires": {
        "is-number": "^7.0.0"
      }
    },
    "universal-user-agent": {
      "version": "3.0.0",
      "resolved": "http://artifactory-pr-build.lb.cumuli.be:8081/artifactory/api/npm/acd-npm/universal-user-agent/-/universal-user-agent-3.0.0.tgz",
      "integrity": "sha1-TMiNaAl7/9esQuO3yQPnSBQktLk=",
      "dev": true,
      "requires": {
        "os-name": "^3.0.0"
      }
    },
    "url-template": {
      "version": "2.0.8",
      "resolved": "http://artifactory-pr-build.lb.cumuli.be:8081/artifactory/api/npm/acd-npm/url-template/-/url-template-2.0.8.tgz",
      "integrity": "sha1-/FZaPMy/93MMd19WQflVV5FDnyE=",
      "dev": true
    },
    "which": {
      "version": "1.3.1",
      "resolved": "http://artifactory-pr-build.lb.cumuli.be:8081/artifactory/api/npm/acd-npm/which/-/which-1.3.1.tgz",
      "integrity": "sha1-pFBD1U9YBTFtqNYvn1CRjT2nCwo=",
      "requires": {
        "isexe": "^2.0.0"
      }
    },
    "which-module": {
      "version": "2.0.0",
      "resolved": "http://artifactory-pr-build.lb.cumuli.be:8081/artifactory/api/npm/acd-npm/which-module/-/which-module-2.0.0.tgz",
      "integrity": "sha1-2e8H3Od7mQK4o6j6SzHD4/fm6Ho="
    },
    "windows-release": {
      "version": "3.2.0",
      "resolved": "http://artifactory-pr-build.lb.cumuli.be:8081/artifactory/api/npm/acd-npm/windows-release/-/windows-release-3.2.0.tgz",
      "integrity": "sha1-gSLa1a/DA9gzQiOAaAp5zfqReF8=",
      "dev": true,
      "requires": {
        "execa": "^1.0.0"
      },
      "dependencies": {
        "execa": {
          "version": "1.0.0",
          "resolved": "http://artifactory-pr-build.lb.cumuli.be:8081/artifactory/api/npm/acd-npm/execa/-/execa-1.0.0.tgz",
          "integrity": "sha1-xiNqW7TfbW8V6I5/AXeYIWdJ3dg=",
          "dev": true,
          "requires": {
            "cross-spawn": "^6.0.0",
            "get-stream": "^4.0.0",
            "is-stream": "^1.1.0",
            "npm-run-path": "^2.0.0",
            "p-finally": "^1.0.0",
            "signal-exit": "^3.0.0",
            "strip-eof": "^1.0.0"
          }
        },
        "get-stream": {
          "version": "4.1.0",
          "resolved": "http://artifactory-pr-build.lb.cumuli.be:8081/artifactory/api/npm/acd-npm/get-stream/-/get-stream-4.1.0.tgz",
          "integrity": "sha1-wbJVV189wh1Zv8ec09K0axw6VLU=",
          "dev": true,
          "requires": {
            "pump": "^3.0.0"
          }
        },
        "is-stream": {
          "version": "1.1.0",
          "resolved": "http://artifactory-pr-build.lb.cumuli.be:8081/artifactory/api/npm/acd-npm/is-stream/-/is-stream-1.1.0.tgz",
          "integrity": "sha1-EtSj3U5o4Lec6428hBc66A2RykQ=",
          "dev": true
        },
        "npm-run-path": {
          "version": "2.0.2",
          "resolved": "http://artifactory-pr-build.lb.cumuli.be:8081/artifactory/api/npm/acd-npm/npm-run-path/-/npm-run-path-2.0.2.tgz",
          "integrity": "sha1-NakjLfo11wZ7TLLd8jV7GHFTbF8=",
          "dev": true,
          "requires": {
            "path-key": "^2.0.0"
          }
        },
        "p-finally": {
          "version": "1.0.0",
          "resolved": "http://artifactory-pr-build.lb.cumuli.be:8081/artifactory/api/npm/acd-npm/p-finally/-/p-finally-1.0.0.tgz",
          "integrity": "sha1-P7z7FbiZpEEjs0ttzBi3JDNqLK4=",
          "dev": true
        }
      }
    },
    "wrap-ansi": {
      "version": "5.1.0",
      "resolved": "http://artifactory-pr-build.lb.cumuli.be:8081/artifactory/api/npm/acd-npm/wrap-ansi/-/wrap-ansi-5.1.0.tgz",
      "integrity": "sha1-H9H2cjXVttD+54EFYAG/tpTAOwk=",
      "requires": {
        "ansi-styles": "^3.2.0",
        "string-width": "^3.0.0",
        "strip-ansi": "^5.0.0"
      }
    },
    "wrappy": {
      "version": "1.0.2",
      "resolved": "http://artifactory-pr-build.lb.cumuli.be:8081/artifactory/api/npm/acd-npm/wrappy/-/wrappy-1.0.2.tgz",
      "integrity": "sha1-tSQ9jz7BqjXxNkYFvA0QNuMKtp8="
    },
    "y18n": {
      "version": "4.0.0",
      "resolved": "http://artifactory-pr-build.lb.cumuli.be:8081/artifactory/api/npm/acd-npm/y18n/-/y18n-4.0.0.tgz",
      "integrity": "sha1-le+U+F7MgdAHwmThkKEg8KPIVms="
    },
    "yargs": {
      "version": "13.3.0",
      "resolved": "http://artifactory-pr-build.lb.cumuli.be:8081/artifactory/api/npm/acd-npm/yargs/-/yargs-13.3.0.tgz",
      "integrity": "sha1-TGV6VeB+Xyz5R/ijZlZ8BKDe3IM=",
      "requires": {
        "cliui": "^5.0.0",
        "find-up": "^3.0.0",
        "get-caller-file": "^2.0.1",
        "require-directory": "^2.1.1",
        "require-main-filename": "^2.0.0",
        "set-blocking": "^2.0.0",
        "string-width": "^3.0.0",
        "which-module": "^2.0.0",
        "y18n": "^4.0.0",
        "yargs-parser": "^13.1.1"
      }
    },
    "yargs-parser": {
      "version": "13.1.1",
      "resolved": "http://artifactory-pr-build.lb.cumuli.be:8081/artifactory/api/npm/acd-npm/yargs-parser/-/yargs-parser-13.1.1.tgz",
      "integrity": "sha1-0mBYUyqgbTZf4JH2ofwGsvfl7KA=",
      "requires": {
        "camelcase": "^5.0.0",
        "decamelize": "^1.2.0"
      }
    }
  }
}
